// !$*UTF8*$!
{
	archiveVersion = 1;
	classes = {
	};
	objectVersion = 46;
	objects = {

/* Begin PBXBuildFile section */
		9A780D481F6E3D2200079B99 /* main.m in Sources */ = {isa = PBXBuildFile; fileRef = 9A780D471F6E3D2200079B99 /* main.m */; };
		9A780D4B1F6E3D2200079B99 /* AppDelegate.m in Sources */ = {isa = PBXBuildFile; fileRef = 9A780D4A1F6E3D2200079B99 /* AppDelegate.m */; };
		9A780D4E1F6E3D2200079B99 /* ViewController.m in Sources */ = {isa = PBXBuildFile; fileRef = 9A780D4D1F6E3D2200079B99 /* ViewController.m */; };
		9A780D511F6E3D2200079B99 /* Main.storyboard in Resources */ = {isa = PBXBuildFile; fileRef = 9A780D4F1F6E3D2200079B99 /* Main.storyboard */; };
		9A780D531F6E3D2200079B99 /* Assets.xcassets in Resources */ = {isa = PBXBuildFile; fileRef = 9A780D521F6E3D2200079B99 /* Assets.xcassets */; };
		9A780D561F6E3D2200079B99 /* LaunchScreen.storyboard in Resources */ = {isa = PBXBuildFile; fileRef = 9A780D541F6E3D2200079B99 /* LaunchScreen.storyboard */; };
		9A780D611F6E3D2200079B99 /* SGImagePositionButtonExampleTests.m in Sources */ = {isa = PBXBuildFile; fileRef = 9A780D601F6E3D2200079B99 /* SGImagePositionButtonExampleTests.m */; };
		9A780D6C1F6E3D2200079B99 /* SGImagePositionButtonExampleUITests.m in Sources */ = {isa = PBXBuildFile; fileRef = 9A780D6B1F6E3D2200079B99 /* SGImagePositionButtonExampleUITests.m */; };
		9A780D7D1F6E3D5400079B99 /* UIButton+SGImagePosition.m in Sources */ = {isa = PBXBuildFile; fileRef = 9A780D7C1F6E3D5400079B99 /* UIButton+SGImagePosition.m */; };
/* End PBXBuildFile section */

/* Begin PBXContainerItemProxy section */
		9A780D5D1F6E3D2200079B99 /* PBXContainerItemProxy */ = {
			isa = PBXContainerItemProxy;
			containerPortal = 9A780D3B1F6E3D2200079B99 /* Project object */;
			proxyType = 1;
			remoteGlobalIDString = 9A780D421F6E3D2200079B99;
			remoteInfo = SGImagePositionButtonExample;
		};
		9A780D681F6E3D2200079B99 /* PBXContainerItemProxy */ = {
			isa = PBXContainerItemProxy;
			containerPortal = 9A780D3B1F6E3D2200079B99 /* Project object */;
			proxyType = 1;
			remoteGlobalIDString = 9A780D421F6E3D2200079B99;
			remoteInfo = SGImagePositionButtonExample;
		};
/* End PBXContainerItemProxy section */

/* Begin PBXFileReference section */
		9A780D431F6E3D2200079B99 /* SGImagePositionButtonExample.app */ = {isa = PBXFileReference; explicitFileType = wrapper.application; includeInIndex = 0; path = SGImagePositionButtonExample.app; sourceTree = BUILT_PRODUCTS_DIR; };
		9A780D471F6E3D2200079B99 /* main.m */ = {isa = PBXFileReference; lastKnownFileType = sourcecode.c.objc; path = main.m; sourceTree = "<group>"; };
		9A780D491F6E3D2200079B99 /* AppDelegate.h */ = {isa = PBXFileReference; lastKnownFileType = sourcecode.c.h; path = AppDelegate.h; sourceTree = "<group>"; };
		9A780D4A1F6E3D2200079B99 /* AppDelegate.m */ = {isa = PBXFileReference; lastKnownFileType = sourcecode.c.objc; path = AppDelegate.m; sourceTree = "<group>"; };
		9A780D4C1F6E3D2200079B99 /* ViewController.h */ = {isa = PBXFileReference; lastKnownFileType = sourcecode.c.h; path = ViewController.h; sourceTree = "<group>"; };
		9A780D4D1F6E3D2200079B99 /* ViewController.m */ = {isa = PBXFileReference; lastKnownFileType = sourcecode.c.objc; path = ViewController.m; sourceTree = "<group>"; };
		9A780D501F6E3D2200079B99 /* Base */ = {isa = PBXFileReference; lastKnownFileType = file.storyboard; name = Base; path = Base.lproj/Main.storyboard; sourceTree = "<group>"; };
		9A780D521F6E3D2200079B99 /* Assets.xcassets */ = {isa = PBXFileReference; lastKnownFileType = folder.assetcatalog; path = Assets.xcassets; sourceTree = "<group>"; };
		9A780D551F6E3D2200079B99 /* Base */ = {isa = PBXFileReference; lastKnownFileType = file.storyboard; name = Base; path = Base.lproj/LaunchScreen.storyboard; sourceTree = "<group>"; };
		9A780D571F6E3D2200079B99 /* Info.plist */ = {isa = PBXFileReference; lastKnownFileType = text.plist.xml; path = Info.plist; sourceTree = "<group>"; };
		9A780D5C1F6E3D2200079B99 /* SGImagePositionButtonExampleTests.xctest */ = {isa = PBXFileReference; explicitFileType = wrapper.cfbundle; includeInIndex = 0; path = SGImagePositionButtonExampleTests.xctest; sourceTree = BUILT_PRODUCTS_DIR; };
		9A780D601F6E3D2200079B99 /* SGImagePositionButtonExampleTests.m */ = {isa = PBXFileReference; lastKnownFileType = sourcecode.c.objc; path = SGImagePositionButtonExampleTests.m; sourceTree = "<group>"; };
		9A780D621F6E3D2200079B99 /* Info.plist */ = {isa = PBXFileReference; lastKnownFileType = text.plist.xml; path = Info.plist; sourceTree = "<group>"; };
		9A780D671F6E3D2200079B99 /* SGImagePositionButtonExampleUITests.xctest */ = {isa = PBXFileReference; explicitFileType = wrapper.cfbundle; includeInIndex = 0; path = SGImagePositionButtonExampleUITests.xctest; sourceTree = BUILT_PRODUCTS_DIR; };
		9A780D6B1F6E3D2200079B99 /* SGImagePositionButtonExampleUITests.m */ = {isa = PBXFileReference; lastKnownFileType = sourcecode.c.objc; path = SGImagePositionButtonExampleUITests.m; sourceTree = "<group>"; };
		9A780D6D1F6E3D2200079B99 /* Info.plist */ = {isa = PBXFileReference; lastKnownFileType = text.plist.xml; path = Info.plist; sourceTree = "<group>"; };
		9A780D7A1F6E3D5400079B99 /* SGImagePositionButton.h */ = {isa = PBXFileReference; fileEncoding = 4; lastKnownFileType = sourcecode.c.h; path = SGImagePositionButton.h; sourceTree = "<group>"; };
		9A780D7B1F6E3D5400079B99 /* UIButton+SGImagePosition.h */ = {isa = PBXFileReference; fileEncoding = 4; lastKnownFileType = sourcecode.c.h; path = "UIButton+SGImagePosition.h"; sourceTree = "<group>"; };
		9A780D7C1F6E3D5400079B99 /* UIButton+SGImagePosition.m */ = {isa = PBXFileReference; fileEncoding = 4; lastKnownFileType = sourcecode.c.objc; path = "UIButton+SGImagePosition.m"; sourceTree = "<group>"; };
/* End PBXFileReference section */

/* Begin PBXFrameworksBuildPhase section */
		9A780D401F6E3D2200079B99 /* Frameworks */ = {
			isa = PBXFrameworksBuildPhase;
			buildActionMask = 2147483647;
			files = (
			);
			runOnlyForDeploymentPostprocessing = 0;
		};
		9A780D591F6E3D2200079B99 /* Frameworks */ = {
			isa = PBXFrameworksBuildPhase;
			buildActionMask = 2147483647;
			files = (
			);
			runOnlyForDeploymentPostprocessing = 0;
		};
		9A780D641F6E3D2200079B99 /* Frameworks */ = {
			isa = PBXFrameworksBuildPhase;
			buildActionMask = 2147483647;
			files = (
			);
			runOnlyForDeploymentPostprocessing = 0;
		};
/* End PBXFrameworksBuildPhase section */

/* Begin PBXGroup section */
		9A780D3A1F6E3D2200079B99 = {
			isa = PBXGroup;
			children = (
				9A780D791F6E3D5400079B99 /* SGImagePositionButton */,
				9A780D451F6E3D2200079B99 /* SGImagePositionButtonExample */,
				9A780D5F1F6E3D2200079B99 /* SGImagePositionButtonExampleTests */,
				9A780D6A1F6E3D2200079B99 /* SGImagePositionButtonExampleUITests */,
				9A780D441F6E3D2200079B99 /* Products */,
			);
			sourceTree = "<group>";
		};
		9A780D441F6E3D2200079B99 /* Products */ = {
			isa = PBXGroup;
			children = (
				9A780D431F6E3D2200079B99 /* SGImagePositionButtonExample.app */,
				9A780D5C1F6E3D2200079B99 /* SGImagePositionButtonExampleTests.xctest */,
				9A780D671F6E3D2200079B99 /* SGImagePositionButtonExampleUITests.xctest */,
			);
			name = Products;
			sourceTree = "<group>";
		};
		9A780D451F6E3D2200079B99 /* SGImagePositionButtonExample */ = {
			isa = PBXGroup;
			children = (
				9A780D491F6E3D2200079B99 /* AppDelegate.h */,
				9A780D4A1F6E3D2200079B99 /* AppDelegate.m */,
				9A780D4C1F6E3D2200079B99 /* ViewController.h */,
				9A780D4D1F6E3D2200079B99 /* ViewController.m */,
				9A780D4F1F6E3D2200079B99 /* Main.storyboard */,
				9A780D521F6E3D2200079B99 /* Assets.xcassets */,
				9A780D541F6E3D2200079B99 /* LaunchScreen.storyboard */,
				9A780D571F6E3D2200079B99 /* Info.plist */,
				9A780D461F6E3D2200079B99 /* Supporting Files */,
			);
			path = SGImagePositionButtonExample;
			sourceTree = "<group>";
		};
		9A780D461F6E3D2200079B99 /* Supporting Files */ = {
			isa = PBXGroup;
			children = (
				9A780D471F6E3D2200079B99 /* main.m */,
			);
			name = "Supporting Files";
			sourceTree = "<group>";
		};
		9A780D5F1F6E3D2200079B99 /* SGImagePositionButtonExampleTests */ = {
			isa = PBXGroup;
			children = (
				9A780D601F6E3D2200079B99 /* SGImagePositionButtonExampleTests.m */,
				9A780D621F6E3D2200079B99 /* Info.plist */,
			);
			path = SGImagePositionButtonExampleTests;
			sourceTree = "<group>";
		};
		9A780D6A1F6E3D2200079B99 /* SGImagePositionButtonExampleUITests */ = {
			isa = PBXGroup;
			children = (
				9A780D6B1F6E3D2200079B99 /* SGImagePositionButtonExampleUITests.m */,
				9A780D6D1F6E3D2200079B99 /* Info.plist */,
			);
			path = SGImagePositionButtonExampleUITests;
			sourceTree = "<group>";
		};
		9A780D791F6E3D5400079B99 /* SGImagePositionButton */ = {
			isa = PBXGroup;
			children = (
				9A780D7A1F6E3D5400079B99 /* SGImagePositionButton.h */,
				9A780D7B1F6E3D5400079B99 /* UIButton+SGImagePosition.h */,
				9A780D7C1F6E3D5400079B99 /* UIButton+SGImagePosition.m */,
			);
			path = SGImagePositionButton;
			sourceTree = "<group>";
		};
/* End PBXGroup section */

/* Begin PBXNativeTarget section */
		9A780D421F6E3D2200079B99 /* SGImagePositionButtonExample */ = {
			isa = PBXNativeTarget;
			buildConfigurationList = 9A780D701F6E3D2200079B99 /* Build configuration list for PBXNativeTarget "SGImagePositionButtonExample" */;
			buildPhases = (
				9A780D3F1F6E3D2200079B99 /* Sources */,
				9A780D401F6E3D2200079B99 /* Frameworks */,
				9A780D411F6E3D2200079B99 /* Resources */,
			);
			buildRules = (
			);
			dependencies = (
			);
			name = SGImagePositionButtonExample;
			productName = SGImagePositionButtonExample;
			productReference = 9A780D431F6E3D2200079B99 /* SGImagePositionButtonExample.app */;
			productType = "com.apple.product-type.application";
		};
		9A780D5B1F6E3D2200079B99 /* SGImagePositionButtonExampleTests */ = {
			isa = PBXNativeTarget;
			buildConfigurationList = 9A780D731F6E3D2200079B99 /* Build configuration list for PBXNativeTarget "SGImagePositionButtonExampleTests" */;
			buildPhases = (
				9A780D581F6E3D2200079B99 /* Sources */,
				9A780D591F6E3D2200079B99 /* Frameworks */,
				9A780D5A1F6E3D2200079B99 /* Resources */,
			);
			buildRules = (
			);
			dependencies = (
				9A780D5E1F6E3D2200079B99 /* PBXTargetDependency */,
			);
			name = SGImagePositionButtonExampleTests;
			productName = SGImagePositionButtonExampleTests;
			productReference = 9A780D5C1F6E3D2200079B99 /* SGImagePositionButtonExampleTests.xctest */;
			productType = "com.apple.product-type.bundle.unit-test";
		};
		9A780D661F6E3D2200079B99 /* SGImagePositionButtonExampleUITests */ = {
			isa = PBXNativeTarget;
			buildConfigurationList = 9A780D761F6E3D2200079B99 /* Build configuration list for PBXNativeTarget "SGImagePositionButtonExampleUITests" */;
			buildPhases = (
				9A780D631F6E3D2200079B99 /* Sources */,
				9A780D641F6E3D2200079B99 /* Frameworks */,
				9A780D651F6E3D2200079B99 /* Resources */,
			);
			buildRules = (
			);
			dependencies = (
				9A780D691F6E3D2200079B99 /* PBXTargetDependency */,
			);
			name = SGImagePositionButtonExampleUITests;
			productName = SGImagePositionButtonExampleUITests;
			productReference = 9A780D671F6E3D2200079B99 /* SGImagePositionButtonExampleUITests.xctest */;
			productType = "com.apple.product-type.bundle.ui-testing";
		};
/* End PBXNativeTarget section */

/* Begin PBXProject section */
		9A780D3B1F6E3D2200079B99 /* Project object */ = {
			isa = PBXProject;
			attributes = {
				LastUpgradeCheck = 0830;
				ORGANIZATIONNAME = kingsic;
				TargetAttributes = {
					9A780D421F6E3D2200079B99 = {
						CreatedOnToolsVersion = 8.3.3;
						ProvisioningStyle = Automatic;
					};
					9A780D5B1F6E3D2200079B99 = {
						CreatedOnToolsVersion = 8.3.3;
						ProvisioningStyle = Automatic;
						TestTargetID = 9A780D421F6E3D2200079B99;
					};
					9A780D661F6E3D2200079B99 = {
						CreatedOnToolsVersion = 8.3.3;
						ProvisioningStyle = Automatic;
						TestTargetID = 9A780D421F6E3D2200079B99;
					};
				};
			};
			buildConfigurationList = 9A780D3E1F6E3D2200079B99 /* Build configuration list for PBXProject "SGImagePositionButtonExample" */;
			compatibilityVersion = "Xcode 3.2";
			developmentRegion = English;
			hasScannedForEncodings = 0;
			knownRegions = (
				en,
				Base,
			);
			mainGroup = 9A780D3A1F6E3D2200079B99;
			productRefGroup = 9A780D441F6E3D2200079B99 /* Products */;
			projectDirPath = "";
			projectRoot = "";
			targets = (
				9A780D421F6E3D2200079B99 /* SGImagePositionButtonExample */,
				9A780D5B1F6E3D2200079B99 /* SGImagePositionButtonExampleTests */,
				9A780D661F6E3D2200079B99 /* SGImagePositionButtonExampleUITests */,
			);
		};
/* End PBXProject section */

/* Begin PBXResourcesBuildPhase section */
		9A780D411F6E3D2200079B99 /* Resources */ = {
			isa = PBXResourcesBuildPhase;
			buildActionMask = 2147483647;
			files = (
				9A780D561F6E3D2200079B99 /* LaunchScreen.storyboard in Resources */,
				9A780D531F6E3D2200079B99 /* Assets.xcassets in Resources */,
				9A780D511F6E3D2200079B99 /* Main.storyboard in Resources */,
			);
			runOnlyForDeploymentPostprocessing = 0;
		};
		9A780D5A1F6E3D2200079B99 /* Resources */ = {
			isa = PBXResourcesBuildPhase;
			buildActionMask = 2147483647;
			files = (
			);
			runOnlyForDeploymentPostprocessing = 0;
		};
		9A780D651F6E3D2200079B99 /* Resources */ = {
			isa = PBXResourcesBuildPhase;
			buildActionMask = 2147483647;
			files = (
			);
			runOnlyForDeploymentPostprocessing = 0;
		};
/* End PBXResourcesBuildPhase section */

/* Begin PBXSourcesBuildPhase section */
		9A780D3F1F6E3D2200079B99 /* Sources */ = {
			isa = PBXSourcesBuildPhase;
			buildActionMask = 2147483647;
			files = (
				9A780D7D1F6E3D5400079B99 /* UIButton+SGImagePosition.m in Sources */,
				9A780D4E1F6E3D2200079B99 /* ViewController.m in Sources */,
				9A780D4B1F6E3D2200079B99 /* AppDelegate.m in Sources */,
				9A780D481F6E3D2200079B99 /* main.m in Sources */,
			);
			runOnlyForDeploymentPostprocessing = 0;
		};
		9A780D581F6E3D2200079B99 /* Sources */ = {
			isa = PBXSourcesBuildPhase;
			buildActionMask = 2147483647;
			files = (
				9A780D611F6E3D2200079B99 /* SGImagePositionButtonExampleTests.m in Sources */,
			);
			runOnlyForDeploymentPostprocessing = 0;
		};
		9A780D631F6E3D2200079B99 /* Sources */ = {
			isa = PBXSourcesBuildPhase;
			buildActionMask = 2147483647;
			files = (
				9A780D6C1F6E3D2200079B99 /* SGImagePositionButtonExampleUITests.m in Sources */,
			);
			runOnlyForDeploymentPostprocessing = 0;
		};
/* End PBXSourcesBuildPhase section */

/* Begin PBXTargetDependency section */
		9A780D5E1F6E3D2200079B99 /* PBXTargetDependency */ = {
			isa = PBXTargetDependency;
			target = 9A780D421F6E3D2200079B99 /* SGImagePositionButtonExample */;
			targetProxy = 9A780D5D1F6E3D2200079B99 /* PBXContainerItemProxy */;
		};
		9A780D691F6E3D2200079B99 /* PBXTargetDependency */ = {
			isa = PBXTargetDependency;
			target = 9A780D421F6E3D2200079B99 /* SGImagePositionButtonExample */;
			targetProxy = 9A780D681F6E3D2200079B99 /* PBXContainerItemProxy */;
		};
/* End PBXTargetDependency section */

/* Begin PBXVariantGroup section */
		9A780D4F1F6E3D2200079B99 /* Main.storyboard */ = {
			isa = PBXVariantGroup;
			children = (
				9A780D501F6E3D2200079B99 /* Base */,
			);
			name = Main.storyboard;
			sourceTree = "<group>";
		};
		9A780D541F6E3D2200079B99 /* LaunchScreen.storyboard */ = {
			isa = PBXVariantGroup;
			children = (
				9A780D551F6E3D2200079B99 /* Base */,
			);
			name = LaunchScreen.storyboard;
			sourceTree = "<group>";
		};
/* End PBXVariantGroup section */

/* Begin XCBuildConfiguration section */
		9A780D6E1F6E3D2200079B99 /* Debug */ = {
			isa = XCBuildConfiguration;
			buildSettings = {
				ALWAYS_SEARCH_USER_PATHS = NO;
				CLANG_ANALYZER_NONNULL = YES;
				CLANG_ANALYZER_NUMBER_OBJECT_CONVERSION = YES_AGGRESSIVE;
				CLANG_CXX_LANGUAGE_STANDARD = "gnu++0x";
				CLANG_CXX_LIBRARY = "libc++";
				CLANG_ENABLE_MODULES = YES;
				CLANG_ENABLE_OBJC_ARC = YES;
				CLANG_WARN_BOOL_CONVERSION = YES;
				CLANG_WARN_CONSTANT_CONVERSION = YES;
				CLANG_WARN_DIRECT_OBJC_ISA_USAGE = YES_ERROR;
				CLANG_WARN_DOCUMENTATION_COMMENTS = YES;
				CLANG_WARN_EMPTY_BODY = YES;
				CLANG_WARN_ENUM_CONVERSION = YES;
				CLANG_WARN_INFINITE_RECURSION = YES;
				CLANG_WARN_INT_CONVERSION = YES;
				CLANG_WARN_OBJC_ROOT_CLASS = YES_ERROR;
				CLANG_WARN_SUSPICIOUS_MOVE = YES;
				CLANG_WARN_UNREACHABLE_CODE = YES;
				CLANG_WARN__DUPLICATE_METHOD_MATCH = YES;
				"CODE_SIGN_IDENTITY[sdk=iphoneos*]" = "iPhone Developer";
				COPY_PHASE_STRIP = NO;
				DEBUG_INFORMATION_FORMAT = dwarf;
				ENABLE_STRICT_OBJC_MSGSEND = YES;
				ENABLE_TESTABILITY = YES;
				GCC_C_LANGUAGE_STANDARD = gnu99;
				GCC_DYNAMIC_NO_PIC = NO;
				GCC_NO_COMMON_BLOCKS = YES;
				GCC_OPTIMIZATION_LEVEL = 0;
				GCC_PREPROCESSOR_DEFINITIONS = (
					"DEBUG=1",
					"$(inherited)",
				);
				GCC_WARN_64_TO_32_BIT_CONVERSION = YES;
				GCC_WARN_ABOUT_RETURN_TYPE = YES_ERROR;
				GCC_WARN_UNDECLARED_SELECTOR = YES;
				GCC_WARN_UNINITIALIZED_AUTOS = YES_AGGRESSIVE;
				GCC_WARN_UNUSED_FUNCTION = YES;
				GCC_WARN_UNUSED_VARIABLE = YES;
				IPHONEOS_DEPLOYMENT_TARGET = 10.3;
				MTL_ENABLE_DEBUG_INFO = YES;
				ONLY_ACTIVE_ARCH = YES;
				SDKROOT = iphoneos;
			};
			name = Debug;
		};
		9A780D6F1F6E3D2200079B99 /* Release */ = {
			isa = XCBuildConfiguration;
			buildSettings = {
				ALWAYS_SEARCH_USER_PATHS = NO;
				CLANG_ANALYZER_NONNULL = YES;
				CLANG_ANALYZER_NUMBER_OBJECT_CONVERSION = YES_AGGRESSIVE;
				CLANG_CXX_LANGUAGE_STANDARD = "gnu++0x";
				CLANG_CXX_LIBRARY = "libc++";
				CLANG_ENABLE_MODULES = YES;
				CLANG_ENABLE_OBJC_ARC = YES;
				CLANG_WARN_BOOL_CONVERSION = YES;
				CLANG_WARN_CONSTANT_CONVERSION = YES;
				CLANG_WARN_DIRECT_OBJC_ISA_USAGE = YES_ERROR;
				CLANG_WARN_DOCUMENTATION_COMMENTS = YES;
				CLANG_WARN_EMPTY_BODY = YES;
				CLANG_WARN_ENUM_CONVERSION = YES;
				CLANG_WARN_INFINITE_RECURSION = YES;
				CLANG_WARN_INT_CONVERSION = YES;
				CLANG_WARN_OBJC_ROOT_CLASS = YES_ERROR;
				CLANG_WARN_SUSPICIOUS_MOVE = YES;
				CLANG_WARN_UNREACHABLE_CODE = YES;
				CLANG_WARN__DUPLICATE_METHOD_MATCH = YES;
				"CODE_SIGN_IDENTITY[sdk=iphoneos*]" = "iPhone Developer";
				COPY_PHASE_STRIP = NO;
				DEBUG_INFORMATION_FORMAT = "dwarf-with-dsym";
				ENABLE_NS_ASSERTIONS = NO;
				ENABLE_STRICT_OBJC_MSGSEND = YES;
				GCC_C_LANGUAGE_STANDARD = gnu99;
				GCC_NO_COMMON_BLOCKS = YES;
				GCC_WARN_64_TO_32_BIT_CONVERSION = YES;
				GCC_WARN_ABOUT_RETURN_TYPE = YES_ERROR;
				GCC_WARN_UNDECLARED_SELECTOR = YES;
				GCC_WARN_UNINITIALIZED_AUTOS = YES_AGGRESSIVE;
				GCC_WARN_UNUSED_FUNCTION = YES;
				GCC_WARN_UNUSED_VARIABLE = YES;
				IPHONEOS_DEPLOYMENT_TARGET = 10.3;
				MTL_ENABLE_DEBUG_INFO = NO;
				SDKROOT = iphoneos;
				VALIDATE_PRODUCT = YES;
			};
			name = Release;
		};
		9A780D711F6E3D2200079B99 /* Debug */ = {
			isa = XCBuildConfiguration;
			buildSettings = {
				ASSETCATALOG_COMPILER_APPICON_NAME = AppIcon;
				INFOPLIST_FILE = SGImagePositionButtonExample/Info.plist;
				LD_RUNPATH_SEARCH_PATHS = "$(inherited) @executable_path/Frameworks";
				PRODUCT_BUNDLE_IDENTIFIER = com.SGImagePositionButtonExample;
				PRODUCT_NAME = "$(TARGET_NAME)";
			};
			name = Debug;
		};
		9A780D721F6E3D2200079B99 /* Release */ = {
			isa = XCBuildConfiguration;
			buildSettings = {
				ASSETCATALOG_COMPILER_APPICON_NAME = AppIcon;
				INFOPLIST_FILE = SGImagePositionButtonExample/Info.plist;
				LD_RUNPATH_SEARCH_PATHS = "$(inherited) @executable_path/Frameworks";
				PRODUCT_BUNDLE_IDENTIFIER = com.SGImagePositionButtonExample;
				PRODUCT_NAME = "$(TARGET_NAME)";
			};
			name = Release;
		};
		9A780D741F6E3D2200079B99 /* Debug */ = {
			isa = XCBuildConfiguration;
			buildSettings = {
				BUNDLE_LOADER = "$(TEST_HOST)";
				INFOPLIST_FILE = SGImagePositionButtonExampleTests/Info.plist;
				LD_RUNPATH_SEARCH_PATHS = "$(inherited) @executable_path/Frameworks @loader_path/Frameworks";
				PRODUCT_BUNDLE_IDENTIFIER = com.SGImagePositionButtonExampleTests;
				PRODUCT_NAME = "$(TARGET_NAME)";
				TEST_HOST = "$(BUILT_PRODUCTS_DIR)/SGImagePositionButtonExample.app/SGImagePositionButtonExample";
			};
			name = Debug;
		};
		9A780D751F6E3D2200079B99 /* Release */ = {
			isa = XCBuildConfiguration;
			buildSettings = {
				BUNDLE_LOADER = "$(TEST_HOST)";
				INFOPLIST_FILE = SGImagePositionButtonExampleTests/Info.plist;
				LD_RUNPATH_SEARCH_PATHS = "$(inherited) @executable_path/Frameworks @loader_path/Frameworks";
				PRODUCT_BUNDLE_IDENTIFIER = com.SGImagePositionButtonExampleTests;
				PRODUCT_NAME = "$(TARGET_NAME)";
				TEST_HOST = "$(BUILT_PRODUCTS_DIR)/SGImagePositionButtonExample.app/SGImagePositionButtonExample";
			};
			name = Release;
		};
		9A780D771F6E3D2200079B99 /* Debug */ = {
			isa = XCBuildConfiguration;
			buildSettings = {
				INFOPLIST_FILE = SGImagePositionButtonExampleUITests/Info.plist;
				LD_RUNPATH_SEARCH_PATHS = "$(inherited) @executable_path/Frameworks @loader_path/Frameworks";
				PRODUCT_BUNDLE_IDENTIFIER = com.SGImagePositionButtonExampleUITests;
				PRODUCT_NAME = "$(TARGET_NAME)";
				TEST_TARGET_NAME = SGImagePositionButtonExample;
			};
			name = Debug;
		};
		9A780D781F6E3D2200079B99 /* Release */ = {
			isa = XCBuildConfiguration;
			buildSettings = {
				INFOPLIST_FILE = SGImagePositionButtonExampleUITests/Info.plist;
				LD_RUNPATH_SEARCH_PATHS = "$(inherited) @executable_path/Frameworks @loader_path/Frameworks";
				PRODUCT_BUNDLE_IDENTIFIER = com.SGImagePositionButtonExampleUITests;
				PRODUCT_NAME = "$(TARGET_NAME)";
				TEST_TARGET_NAME = SGImagePositionButtonExample;
			};
			name = Release;
		};
/* End XCBuildConfiguration section */

/* Begin XCConfigurationList section */
		9A780D3E1F6E3D2200079B99 /* Build configuration list for PBXProject "SGImagePositionButtonExample" */ = {
			isa = XCConfigurationList;
			buildConfigurations = (
				9A780D6E1F6E3D2200079B99 /* Debug */,
				9A780D6F1F6E3D2200079B99 /* Release */,
			);
			defaultConfigurationIsVisible = 0;
			defaultConfigurationName = Release;
		};
		9A780D701F6E3D2200079B99 /* Build configuration list for PBXNativeTarget "SGImagePositionButtonExample" */ = {
			isa = XCConfigurationList;
			buildConfigurations = (
				9A780D711F6E3D2200079B99 /* Debug */,
				9A780D721F6E3D2200079B99 /* Release */,
			);
			defaultConfigurationIsVisible = 0;
		};
		9A780D731F6E3D2200079B99 /* Build configuration list for PBXNativeTarget "SGImagePositionButtonExampleTests" */ = {
			isa = XCConfigurationList;
			buildConfigurations = (
				9A780D741F6E3D2200079B99 /* Debug */,
				9A780D751F6E3D2200079B99 /* Release */,
			);
			defaultConfigurationIsVisible = 0;
		};
		9A780D761F6E3D2200079B99 /* Build configuration list for PBXNativeTarget "SGImagePositionButtonExampleUITests" */ = {
			isa = XCConfigurationList;
			buildConfigurations = (
				9A780D771F6E3D2200079B99 /* Debug */,
				9A780D781F6E3D2200079B99 /* Release */,
			);
			defaultConfigurationIsVisible = 0;
		};
/* End XCConfigurationList section */
	};
	rootObject = 9A780D3B1F6E3D2200079B99 /* Project object */;
}
